<?xml version="1.0" encoding="utf-8"?>
<Project ToolsVersion="4.0" xmlns="http://schemas.microsoft.com/developer/msbuild/2003">
  <ItemGroup>
    <FxCompile Include="Src\Shader\Image\DarklyRotateSprites.hlsl" />
    <FxCompile Include="Src\Shader\Image\RotateGlow.hlsl" />
    <FxCompile Include="Src\Shader\Image\Blur.hlsl" />
    <FxCompile Include="Src\Shader\Image\Damage.hlsl" />
    <FxCompile Include="Src\Shader\Image\Glow.hlsl" />
    <FxCompile Include="Src\Shader\Image\GlowRotateSprite.hlsl" />
    <FxCompile Include="Src\Shader\Image\Monotone.hlsl" />
    <FxCompile Include="Src\Shader\Image\ScanLine.hlsl" />
    <FxCompile Include="Src\Shader\Model\OutlineSkinMeshVS.hlsl" />
    <FxCompile Include="Src\Shader\Model\OutlineMeshVS.hlsl" />
    <FxCompile Include="Src\Shader\Model\ToonSkinMeshVS.hlsl" />
    <FxCompile Include="Src\Shader\Model\ToonMeshVS.hlsl" />
    <FxCompile Include="Src\Shader\Model\OutlinePS.hlsl" />
    <FxCompile Include="Src\Shader\Model\ToonPS.hlsl" />
    <FxCompile Include="Src\Shader\Model\ChickenOutlineVS.hlsl" />
    <FxCompile Include="Src\Shader\Model\ChickenToonVS.hlsl" />
    <FxCompile Include="Src\Shader\Model\ChickenPS.hlsl" />
    <FxCompile Include="Src\Shader\Model\CannonBaseToonPS.hlsl" />
  </ItemGroup>
  <ItemGroup>
    <ClCompile Include="Src\Object\System\Select\SelectStage.cpp" />
    <ClCompile Include="Src\Object\System\Select\MultiReady.cpp" />
    <ClCompile Include="Src\Object\System\MultiInputCheck.cpp" />
    <ClCompile Include="Src\Object\System\Result\ScoreGageManager.cpp" />
    <ClCompile Include="Src\Manager\Game\ScoreManager.cpp" />
    <ClCompile Include="Src\Object\System\Result\ScoreGage.cpp" />
    <ClCompile Include="Src\Object\Editor\Palette\Palette.cpp" />
    <ClCompile Include="Src\Object\System\Result\MultiResult.cpp" />
    <ClCompile Include="Src\Manager\System\KeyConfig.cpp" />
    <ClCompile Include="Src\Object\Common\Geometry\Cube.cpp" />
    <ClCompile Include="Src\Object\Common\Geometry\Line.cpp" />
    <ClCompile Include="Src\Object\Common\Geometry\Model.cpp" />
    <ClCompile Include="Src\Object\Common\Geometry\Sphere.cpp" />
    <ClCompile Include="Src\Manager\Game\CollisionManager.cpp" />
    <ClCompile Include="Src\Object\Common\Geometry\Geometry.cpp" />
    <ClCompile Include="Src\Object\Common\Geometry\Capsule.cpp" />
    <ClCompile Include="Src\Object\Editor\Palette\PaletteCursor.cpp" />
    <ClCompile Include="Src\Object\Editor\Palette\Icon\MultiPaletteIcon.cpp" />
    <ClCompile Include="Src\Object\Item\Installation\FerrisWheel.cpp" />
    <ClCompile Include="Src\Object\System\Select\ModeSelect.cpp" />
    <ClCompile Include="Src\Object\System\GameClear.cpp" />
    <ClCompile Include="Src\Common\FontRegistry.cpp" />
    <ClCompile Include="Src\Object\Editor\Palette\MultiPalette.cpp" />
    <ClCompile Include="Src\Object\Item\Installation\Spring.cpp" />
    <ClCompile Include="Src\Object\Item\Destroyer\BigBomb.cpp" />
    <ClCompile Include="Src\Object\Item\Destroyer\SmallBomb.cpp" />
    <ClCompile Include="Src\Object\Item\Fixed\GoalFlag.cpp" />
    <ClCompile Include="Src\Object\Item\SubItem\CannonShot.cpp" />
    <ClCompile Include="Src\Object\Item\Installation\Fan.cpp" />
    <ClCompile Include="Src\Object\Item\Installation\Spiky.cpp" />
    <ClCompile Include="Src\Scene\SelectScene.cpp" />
    <ClCompile Include="Src\Scene\Game\MultiParty.cpp" />
    <ClCompile Include="Src\Scene\Game\SoloChallenge.cpp" />
    <ClCompile Include="Src\Scene\Game\FreePlay.cpp" />
    <ClCompile Include="Src\Object\Item\Installation\SlimeFloor.cpp" />
    <ClCompile Include="Src\Object\Item\Installation\Cannon.cpp" />
    <ClCompile Include="Src\Object\Item\Installation\Fence.cpp" />
    <ClCompile Include="Src\Object\Item\Installation\MoveVerFloor.cpp" />
    <ClCompile Include="Src\Manager\Game\PlayerManager.cpp" />
    <ClCompile Include="Src\Object\Editor\Palette\Icon\PaletteIcon.cpp" />
    <ClCompile Include="Src\Object\Editor\Palette\EditorPaletteBase.cpp" />
    <ClCompile Include="Src\Manager\System\DateBank.cpp" />
    <ClCompile Include="Src\Object\Item\Installation\MoveHoriFloor.cpp" />
    <ClCompile Include="Src\Object\Editor\MapDataIO.cpp" />
    <ClCompile Include="Src\Object\Item\Installation\Floor.cpp" />
    <ClCompile Include="Src\Object\Grid.cpp" />
    <ClCompile Include="Src\Object\Item\ItemBase.cpp" />
    <ClCompile Include="Src\Manager\Game\ItemManager.cpp" />
    <ClCompile Include="Src\Object\Editor\EditController.cpp" />
    <ClCompile Include="Src\Manager\Game\MapEditer.cpp" />
    <ClCompile Include="Src\Common\IntVector3.cpp" />
    <ClCompile Include="Src\FpsControl\FpsControl.cpp" />
    <ClCompile Include="Src\Manager\Game\GravityManager.cpp" />
    <ClCompile Include="Src\Object\ObjectBase.cpp" />
    <ClCompile Include="Src\Application.cpp" />
    <ClCompile Include="Src\Common\Fader.cpp" />
    <ClCompile Include="Src\Common\Quaternion.cpp" />
    <ClCompile Include="Src\Common\Vector2.cpp" />
    <ClCompile Include="Src\main.cpp" />
    <ClCompile Include="Src\Manager\System\Camera.cpp" />
    <ClCompile Include="Src\Manager\System\InputManager.cpp" />
    <ClCompile Include="Src\Manager\System\Resource.cpp" />
    <ClCompile Include="Src\Manager\System\ResourceManager.cpp" />
    <ClCompile Include="Src\Manager\System\SceneManager.cpp" />
    <ClCompile Include="Src\Object\Common\AnimationController.cpp" />
    <ClCompile Include="Src\Object\Common\Collider.cpp" />
    <ClCompile Include="Src\Object\Common\Transform.cpp" />
    <ClCompile Include="Src\Object\Player\Player.cpp" />
    <ClCompile Include="Src\Object\Player\Process\PlayerInput.cpp" />
    <ClCompile Include="Src\Object\SkyDome\SkyDome.cpp" />
    <ClCompile Include="Src\Scene\Game\GameScene.cpp" />
    <ClCompile Include="Src\Scene\SceneBase.cpp" />
    <ClCompile Include="Src\Scene\TitleScene.cpp" />
    <ClCompile Include="Src\Utility\Utility.cpp" />
    <ClCompile Include="Src\Object\Item\Fixed\StartFlag.cpp" />
    <ClCompile Include="Src\Object\System\CheckChangePhase.cpp" />
    <ClCompile Include="Src\Manager\System\SoundManager.cpp" />
    <ClCompile Include="Src\Object\System\ManualTab.cpp" />
    <ClCompile Include="Src\Object\Player\PlayerAction.cpp" />
    <ClCompile Include="Src\Object\Editor\EditItemReady.cpp" />
    <ClCompile Include="Src\Object\Item\SubItem\Wind.cpp" />
    <ClCompile Include="Src\Object\Editor\EditEscape.cpp" />
    <ClCompile Include="Src\Object\System\YesNoResponder.cpp" />
    <ClCompile Include="Src\Object\Player\PlayerOnHit.cpp" />
    <ClCompile Include="Src\Object\System\RoundDisplay.cpp" />
    <ClCompile Include="Src\Object\Player\Shadow.cpp" />
    <ClCompile Include="Src\Renderer\ModelMaterial.cpp" />
    <ClCompile Include="Src\Renderer\ModelRenderer.cpp" />
    <ClCompile Include="Src\Renderer\PixelMaterial.cpp" />
    <ClCompile Include="Src\Renderer\PixelRenderer.cpp" />
    <ClCompile Include="Src\Renderer\VertexMaterial.cpp" />
    <ClCompile Include="Src\Renderer\VertexRenderer.cpp" />
    <ClCompile Include="Src\Object\Common\ToonStyle.cpp" />
    <ClCompile Include="Src\Object\Common\EffectController.cpp" />
  </ItemGroup>
  <ItemGroup>
    <ClInclude Include="Src\Object\Common\Geometry\Cube.h" />
    <ClInclude Include="Src\Object\Common\Geometry\Line.h" />
    <ClInclude Include="Src\Object\Common\Geometry\Model.h" />
    <ClInclude Include="Src\Object\Common\Geometry\Sphere.h" />
    <ClInclude Include="Src\Manager\Game\CollisionManager.h" />
    <ClInclude Include="Src\Object\Common\Geometry\Geometry.h" />
    <ClInclude Include="Src\Object\Common\Geometry\Capsule.h" />
    <ClInclude Include="Src\Object\System\Select\SelectStage.h" />
    <ClInclude Include="Src\Object\System\Select\MultiReady.h" />
    <ClInclude Include="Src\Object\System\MultiInputCheck.h" />
    <ClInclude Include="Src\Object\System\Result\ScoreGageManager.h" />
    <ClInclude Include="Src\Manager\Game\ScoreManager.h" />
    <ClInclude Include="Src\Object\System\Result\ScoreGage.h" />
    <ClInclude Include="Src\Object\Editor\Palette\Palette.h" />
    <ClInclude Include="Src\Object\System\Result\MultiResult.h" />
    <ClInclude Include="Src\Manager\System\KeyConfig.h" />
    <ClInclude Include="Src\Object\Editor\Palette\PaletteCursor.h" />
    <ClInclude Include="Src\Object\Editor\Palette\Icon\MultiPaletteIcon.h" />
    <ClInclude Include="Src\Object\Item\Installation\FerrisWheel.h" />
    <ClInclude Include="Src\Manager\Game\PlayerManager.h" />
    <ClInclude Include="Src\Object\Item\Installation\Floor.h" />
    <ClInclude Include="Src\Object\Item\Installation\Cannon.h" />
    <ClInclude Include="Src\Object\Item\Installation\Fence.h" />
    <ClInclude Include="Src\Object\Item\Installation\MoveHoriFloor.h" />
    <ClInclude Include="Src\Object\Item\Installation\MoveVerFloor.h" />
    <ClInclude Include="Src\Object\Item\Installation\SlimeFloor.h" />
    <ClInclude Include="Src\Object\Item\Installation\Spring.h" />
    <ClInclude Include="Src\Object\Item\Destroyer\BigBomb.h" />
    <ClInclude Include="Src\Object\Item\Destroyer\SmallBomb.h" />
    <ClInclude Include="Src\Object\Item\Fixed\StartFlag.h" />
    <ClInclude Include="Src\Object\Item\Fixed\GoalFlag.h" />
    <ClInclude Include="Src\Object\Item\SubItem\CannonShot.h" />
    <ClInclude Include="Src\Object\Item\Installation\Fan.h" />
    <ClInclude Include="Src\Object\Item\Installation\Spiky.h" />
    <ClInclude Include="Src\Object\System\Select\ModeSelect.h" />
    <ClInclude Include="Src\Object\Editor\Palette\Icon\PaletteIcon.h" />
    <ClInclude Include="Src\Object\System\GameClear.h" />
    <ClInclude Include="Src\Common\FontRegistry.h" />
    <ClInclude Include="Src\Object\Editor\Palette\MultiPalette.h" />
    <ClInclude Include="Src\Object\Editor\Palette\FreePalette.h" />
    <ClInclude Include="Src\Object\Editor\Palette\SoloChallengePalette.h" />
    <ClInclude Include="Src\Scene\SelectScene.h" />
    <ClInclude Include="Src\Scene\Game\MultiParty.h" />
    <ClInclude Include="Src\Scene\Game\SoloChallenge.h" />
    <ClInclude Include="Src\Scene\Game\FreePlay.h" />
    <ClInclude Include="Src\Object\Editor\Palette\EditorPaletteBase.h" />
    <ClInclude Include="Src\Manager\System\DateBank.h" />
    <ClInclude Include="Src\Object\Editor\MapDataIO.h" />
    <ClInclude Include="Src\Lib\nlohmann\adl_serializer.hpp" />
    <ClInclude Include="Src\Lib\nlohmann\byte_container_with_subtype.hpp" />
    <ClInclude Include="Src\Lib\nlohmann\detail\abi_macros.hpp" />
    <ClInclude Include="Src\Lib\nlohmann\detail\conversions\from_json.hpp" />
    <ClInclude Include="Src\Lib\nlohmann\detail\conversions\to_chars.hpp" />
    <ClInclude Include="Src\Lib\nlohmann\detail\conversions\to_json.hpp" />
    <ClInclude Include="Src\Lib\nlohmann\detail\exceptions.hpp" />
    <ClInclude Include="Src\Lib\nlohmann\detail\hash.hpp" />
    <ClInclude Include="Src\Lib\nlohmann\detail\input\binary_reader.hpp" />
    <ClInclude Include="Src\Lib\nlohmann\detail\input\input_adapters.hpp" />
    <ClInclude Include="Src\Lib\nlohmann\detail\input\json_sax.hpp" />
    <ClInclude Include="Src\Lib\nlohmann\detail\input\lexer.hpp" />
    <ClInclude Include="Src\Lib\nlohmann\detail\input\parser.hpp" />
    <ClInclude Include="Src\Lib\nlohmann\detail\input\position_t.hpp" />
    <ClInclude Include="Src\Lib\nlohmann\detail\iterators\internal_iterator.hpp" />
    <ClInclude Include="Src\Lib\nlohmann\detail\iterators\iteration_proxy.hpp" />
    <ClInclude Include="Src\Lib\nlohmann\detail\iterators\iterator_traits.hpp" />
    <ClInclude Include="Src\Lib\nlohmann\detail\iterators\iter_impl.hpp" />
    <ClInclude Include="Src\Lib\nlohmann\detail\iterators\json_reverse_iterator.hpp" />
    <ClInclude Include="Src\Lib\nlohmann\detail\iterators\primitive_iterator.hpp" />
    <ClInclude Include="Src\Lib\nlohmann\detail\json_custom_base_class.hpp" />
    <ClInclude Include="Src\Lib\nlohmann\detail\json_pointer.hpp" />
    <ClInclude Include="Src\Lib\nlohmann\detail\json_ref.hpp" />
    <ClInclude Include="Src\Lib\nlohmann\detail\macro_scope.hpp" />
    <ClInclude Include="Src\Lib\nlohmann\detail\macro_unscope.hpp" />
    <ClInclude Include="Src\Lib\nlohmann\detail\meta\call_std\begin.hpp" />
    <ClInclude Include="Src\Lib\nlohmann\detail\meta\call_std\end.hpp" />
    <ClInclude Include="Src\Lib\nlohmann\detail\meta\cpp_future.hpp" />
    <ClInclude Include="Src\Lib\nlohmann\detail\meta\detected.hpp" />
    <ClInclude Include="Src\Lib\nlohmann\detail\meta\identity_tag.hpp" />
    <ClInclude Include="Src\Lib\nlohmann\detail\meta\is_sax.hpp" />
    <ClInclude Include="Src\Lib\nlohmann\detail\meta\std_fs.hpp" />
    <ClInclude Include="Src\Lib\nlohmann\detail\meta\type_traits.hpp" />
    <ClInclude Include="Src\Lib\nlohmann\detail\meta\void_t.hpp" />
    <ClInclude Include="Src\Lib\nlohmann\detail\output\binary_writer.hpp" />
    <ClInclude Include="Src\Lib\nlohmann\detail\output\output_adapters.hpp" />
    <ClInclude Include="Src\Lib\nlohmann\detail\output\serializer.hpp" />
    <ClInclude Include="Src\Lib\nlohmann\detail\string_concat.hpp" />
    <ClInclude Include="Src\Lib\nlohmann\detail\string_escape.hpp" />
    <ClInclude Include="Src\Lib\nlohmann\detail\string_utils.hpp" />
    <ClInclude Include="Src\Lib\nlohmann\detail\value_t.hpp" />
    <ClInclude Include="Src\Lib\nlohmann\json.hpp" />
    <ClInclude Include="Src\Lib\nlohmann\json_fwd.hpp" />
    <ClInclude Include="Src\Lib\nlohmann\ordered_map.hpp" />
    <ClInclude Include="Src\Lib\nlohmann\thirdparty\hedley\hedley.hpp" />
    <ClInclude Include="Src\Lib\nlohmann\thirdparty\hedley\hedley_undef.hpp" />
    <ClInclude Include="Src\Object\Grid.h" />
    <ClInclude Include="Src\Object\Item\ItemBase.h" />
    <ClInclude Include="Src\Manager\Game\ItemManager.h" />
    <ClInclude Include="Src\Object\Editor\EditController.h" />
    <ClInclude Include="Src\Manager\Game\MapEditer.h" />
    <ClInclude Include="Src\Common\IntVector3.h" />
    <ClInclude Include="Src\FpsControl\FpsControl.h" />
    <ClInclude Include="Src\Manager\Game\GravityManager.h" />
    <ClInclude Include="Src\Object\ObjectBase.h" />
    <ClInclude Include="Src\Application.h" />
    <ClInclude Include="Src\Common\Fader.h" />
    <ClInclude Include="Src\Common\Quaternion.h" />
    <ClInclude Include="Src\Common\Vector2.h" />
    <ClInclude Include="Src\main.h" />
    <ClInclude Include="Src\Manager\System\Camera.h" />
    <ClInclude Include="Src\Manager\System\InputManager.h" />
    <ClInclude Include="Src\Manager\System\Resource.h" />
    <ClInclude Include="Src\Manager\System\ResourceManager.h" />
    <ClInclude Include="Src\Manager\System\SceneManager.h" />
    <ClInclude Include="Src\Object\Common\AnimationController.h" />
    <ClInclude Include="Src\Object\Common\Collider.h" />
    <ClInclude Include="Src\Object\Common\Transform.h" />
    <ClInclude Include="Src\Object\Player\Player.h" />
    <ClInclude Include="Src\Object\Player\Process\PlayerInput.h" />
    <ClInclude Include="Src\Object\SkyDome\SkyDome.h" />
    <ClInclude Include="Src\Scene\Game\GameScene.h" />
    <ClInclude Include="Src\Scene\SceneBase.h" />
    <ClInclude Include="Src\Scene\TitleScene.h" />
    <ClInclude Include="Src\Utility\Utility.h" />
    <ClInclude Include="Src\Utility\UtilityTemplates.h" />
    <ClInclude Include="Src\Object\System\CheckChangePhase.h" />
    <ClInclude Include="Src\Manager\System\SoundManager.h" />
    <ClInclude Include="Src\Object\System\ManualTab.h" />
    <ClInclude Include="Src\Object\Player\PlayerAction.h" />
    <ClInclude Include="Src\Object\Item\SubItem\Wind.h" />
    <ClInclude Include="Src\Object\Editor\EditItemReady.h" />
    <ClInclude Include="Src\Object\Editor\EditEscape.h" />
    <ClInclude Include="Src\Object\System\YesNoResponder.h" />
    <ClInclude Include="Src\Object\System\RoundDisplay.h" />
    <ClInclude Include="Src\Object\Player\PlayerOnHit.h" />
    <ClInclude Include="Src\Object\Player\Shadow.h" />
    <ClInclude Include="Src\Renderer\VertexRenderer.h" />
    <ClInclude Include="Src\Renderer\ModelMaterial.h" />
    <ClInclude Include="Src\Renderer\ModelRenderer.h" />
    <ClInclude Include="Src\Renderer\PixelMaterial.h" />
    <ClInclude Include="Src\Renderer\PixelRenderer.h" />
    <ClInclude Include="Src\Renderer\VertexMaterial.h" />
    <ClInclude Include="Src\Object\Common\ToonStyle.h" />
    <ClInclude Include="Src\Object\Common\EffectController.h" />
  </ItemGroup>
  <ItemGroup>
    <None Include="Src\Shader\Common\Pixel\PixelShader2DHeader.hlsli" />
    <None Include="Src\Shader\Common\Pixel\PixelShader3DHeader.hlsli" />
    <None Include="Src\Shader\Common\VertexToPixelHeader.hlsli" />
    <None Include="Src\Shader\Common\Vertex\CommonShader3DHeader.hlsli" />
    <None Include="Src\Shader\Common\Vertex\VertexInput.hlsli" />
    <None Include="Src\Shader\Common\Vertex\VertexInputType.hlsli" />
    <None Include="Src\Shader\Common\Vertex\VertexShader3DHeader.hlsli" />
  </ItemGroup>
</Project>